// !$*UTF8*$!
{
	archiveVersion = 1;
	classes = {
	};
	objectVersion = 50;
	objects = {

/* Begin PBXBuildFile section */
		04B3DB64256777F60029FFB4 /* AppDelegate.swift in Sources */ = {isa = PBXBuildFile; fileRef = 04B3DB63256777F60029FFB4 /* AppDelegate.swift */; };
		04B3DB66256777F60029FFB4 /* SceneDelegate.swift in Sources */ = {isa = PBXBuildFile; fileRef = 04B3DB65256777F60029FFB4 /* SceneDelegate.swift */; };
		04B3DB68256777F60029FFB4 /* ContentView.swift in Sources */ = {isa = PBXBuildFile; fileRef = 04B3DB67256777F60029FFB4 /* ContentView.swift */; };
		04B3DB6B256777F60029FFB4 /* ToDoApp.xcdatamodeld in Sources */ = {isa = PBXBuildFile; fileRef = 04B3DB69256777F60029FFB4 /* ToDoApp.xcdatamodeld */; };
		04B3DB6D256777F80029FFB4 /* Assets.xcassets in Resources */ = {isa = PBXBuildFile; fileRef = 04B3DB6C256777F80029FFB4 /* Assets.xcassets */; };
		04B3DB70256777F80029FFB4 /* Preview Assets.xcassets in Resources */ = {isa = PBXBuildFile; fileRef = 04B3DB6F256777F80029FFB4 /* Preview Assets.xcassets */; };
		04B3DB73256777F80029FFB4 /* LaunchScreen.storyboard in Resources */ = {isa = PBXBuildFile; fileRef = 04B3DB71256777F80029FFB4 /* LaunchScreen.storyboard */; };
		04B3DB7C256778480029FFB4 /* AddTask.swift in Sources */ = {isa = PBXBuildFile; fileRef = 04B3DB7B256778480029FFB4 /* AddTask.swift */; };
		04B3DB8425677AC00029FFB4 /* TaskItem.swift in Sources */ = {isa = PBXBuildFile; fileRef = 04B3DB8325677AC00029FFB4 /* TaskItem.swift */; };
/* End PBXBuildFile section */

/* Begin PBXFileReference section */
		04B3DB60256777F60029FFB4 /* ToDoApp.app */ = {isa = PBXFileReference; explicitFileType = wrapper.application; includeInIndex = 0; path = ToDoApp.app; sourceTree = BUILT_PRODUCTS_DIR; };
		04B3DB63256777F60029FFB4 /* AppDelegate.swift */ = {isa = PBXFileReference; lastKnownFileType = sourcecode.swift; path = AppDelegate.swift; sourceTree = "<group>"; };
		04B3DB65256777F60029FFB4 /* SceneDelegate.swift */ = {isa = PBXFileReference; lastKnownFileType = sourcecode.swift; path = SceneDelegate.swift; sourceTree = "<group>"; };
		04B3DB67256777F60029FFB4 /* ContentView.swift */ = {isa = PBXFileReference; lastKnownFileType = sourcecode.swift; path = ContentView.swift; sourceTree = "<group>"; };
		04B3DB6A256777F60029FFB4 /* ToDoApp.xcdatamodel */ = {isa = PBXFileReference; lastKnownFileType = wrapper.xcdatamodel; path = ToDoApp.xcdatamodel; sourceTree = "<group>"; };
		04B3DB6C256777F80029FFB4 /* Assets.xcassets */ = {isa = PBXFileReference; lastKnownFileType = folder.assetcatalog; path = Assets.xcassets; sourceTree = "<group>"; };
		04B3DB6F256777F80029FFB4 /* Preview Assets.xcassets */ = {isa = PBXFileReference; lastKnownFileType = folder.assetcatalog; path = "Preview Assets.xcassets"; sourceTree = "<group>"; };
		04B3DB72256777F80029FFB4 /* Base */ = {isa = PBXFileReference; lastKnownFileType = file.storyboard; name = Base; path = Base.lproj/LaunchScreen.storyboard; sourceTree = "<group>"; };
		04B3DB74256777F80029FFB4 /* Info.plist */ = {isa = PBXFileReference; lastKnownFileType = text.plist.xml; path = Info.plist; sourceTree = "<group>"; };
		04B3DB7B256778480029FFB4 /* AddTask.swift */ = {isa = PBXFileReference; lastKnownFileType = sourcecode.swift; path = AddTask.swift; sourceTree = "<group>"; };
		04B3DB8325677AC00029FFB4 /* TaskItem.swift */ = {isa = PBXFileReference; lastKnownFileType = sourcecode.swift; path = TaskItem.swift; sourceTree = "<group>"; };
/* End PBXFileReference section */

/* Begin PBXFrameworksBuildPhase section */
		04B3DB5D256777F60029FFB4 /* Frameworks */ = {
			isa = PBXFrameworksBuildPhase;
			buildActionMask = 2147483647;
			files = (
			);
			runOnlyForDeploymentPostprocessing = 0;
		};
/* End PBXFrameworksBuildPhase section */

/* Begin PBXGroup section */
		04B3DB57256777F60029FFB4 = {
			isa = PBXGroup;
			children = (
				04B3DB62256777F60029FFB4 /* ToDoApp */,
				04B3DB61256777F60029FFB4 /* Products */,
			);
			sourceTree = "<group>";
		};
		04B3DB61256777F60029FFB4 /* Products */ = {
			isa = PBXGroup;
			children = (
				04B3DB60256777F60029FFB4 /* ToDoApp.app */,
			);
			name = Products;
			sourceTree = "<group>";
		};
		04B3DB62256777F60029FFB4 /* ToDoApp */ = {
			isa = PBXGroup;
			children = (
				04B3DB802567785C0029FFB4 /* Base */,
				04B3DB7E256778510029FFB4 /* View */,
				04B3DB6C256777F80029FFB4 /* Assets.xcassets */,
				04B3DB71256777F80029FFB4 /* LaunchScreen.storyboard */,
				04B3DB74256777F80029FFB4 /* Info.plist */,
				04B3DB69256777F60029FFB4 /* ToDoApp.xcdatamodeld */,
				04B3DB6E256777F80029FFB4 /* Preview Content */,
			);
			path = ToDoApp;
			sourceTree = "<group>";
		};
		04B3DB6E256777F80029FFB4 /* Preview Content */ = {
			isa = PBXGroup;
			children = (
				04B3DB6F256777F80029FFB4 /* Preview Assets.xcassets */,
			);
			path = "Preview Content";
			sourceTree = "<group>";
		};
		04B3DB7E256778510029FFB4 /* View */ = {
			isa = PBXGroup;
			children = (
				04B3DB67256777F60029FFB4 /* ContentView.swift */,
				04B3DB7B256778480029FFB4 /* AddTask.swift */,
				04B3DB8325677AC00029FFB4 /* TaskItem.swift */,
			);
			path = View;
			sourceTree = "<group>";
		};
		04B3DB802567785C0029FFB4 /* Base */ = {
			isa = PBXGroup;
			children = (
				04B3DB63256777F60029FFB4 /* AppDelegate.swift */,
				04B3DB65256777F60029FFB4 /* SceneDelegate.swift */,
			);
			path = Base;
			sourceTree = "<group>";
		};
/* End PBXGroup section */

/* Begin PBXNativeTarget section */
		04B3DB5F256777F60029FFB4 /* ToDoApp */ = {
			isa = PBXNativeTarget;
			buildConfigurationList = 04B3DB77256777F80029FFB4 /* Build configuration list for PBXNativeTarget "ToDoApp" */;
			buildPhases = (
				04B3DB5C256777F60029FFB4 /* Sources */,
				04B3DB5D256777F60029FFB4 /* Frameworks */,
				04B3DB5E256777F60029FFB4 /* Resources */,
			);
			buildRules = (
			);
			dependencies = (
			);
			name = ToDoApp;
			productName = ToDoApp;
			productReference = 04B3DB60256777F60029FFB4 /* ToDoApp.app */;
			productType = "com.apple.product-type.application";
		};
/* End PBXNativeTarget section */

/* Begin PBXProject section */
		04B3DB58256777F60029FFB4 /* Project object */ = {
			isa = PBXProject;
			attributes = {
				LastSwiftUpdateCheck = 1220;
				LastUpgradeCheck = 1220;
				TargetAttributes = {
					04B3DB5F256777F60029FFB4 = {
						CreatedOnToolsVersion = 12.2;
					};
				};
			};
			buildConfigurationList = 04B3DB5B256777F60029FFB4 /* Build configuration list for PBXProject "ToDoApp" */;
			compatibilityVersion = "Xcode 9.3";
			developmentRegion = en;
			hasScannedForEncodings = 0;
			knownRegions = (
				en,
				Base,
			);
			mainGroup = 04B3DB57256777F60029FFB4;
			productRefGroup = 04B3DB61256777F60029FFB4 /* Products */;
			projectDirPath = "";
			projectRoot = "";
			targets = (
				04B3DB5F256777F60029FFB4 /* ToDoApp */,
			);
		};
/* End PBXProject section */

/* Begin PBXResourcesBuildPhase section */
		04B3DB5E256777F60029FFB4 /* Resources */ = {
			isa = PBXResourcesBuildPhase;
			buildActionMask = 2147483647;
			files = (
				04B3DB73256777F80029FFB4 /* LaunchScreen.storyboard in Resources */,
				04B3DB70256777F80029FFB4 /* Preview Assets.xcassets in Resources */,
				04B3DB6D256777F80029FFB4 /* Assets.xcassets in Resources */,
			);
			runOnlyForDeploymentPostprocessing = 0;
		};
/* End PBXResourcesBuildPhase section */

/* Begin PBXSourcesBuildPhase section */
		04B3DB5C256777F60029FFB4 /* Sources */ = {
			isa = PBXSourcesBuildPhase;
			buildActionMask = 2147483647;
			files = (
				04B3DB64256777F60029FFB4 /* AppDelegate.swift in Sources */,
				04B3DB8425677AC00029FFB4 /* TaskItem.swift in Sources */,
				04B3DB7C256778480029FFB4 /* AddTask.swift in Sources */,
				04B3DB66256777F60029FFB4 /* SceneDelegate.swift in Sources */,
				04B3DB68256777F60029FFB4 /* ContentView.swift in Sources */,
				04B3DB6B256777F60029FFB4 /* ToDoApp.xcdatamodeld in Sources */,
			);
			runOnlyForDeploymentPostprocessing = 0;
		};
/* End PBXSourcesBuildPhase section */

/* Begin PBXVariantGroup section */
		04B3DB71256777F80029FFB4 /* LaunchScreen.storyboard */ = {
			isa = PBXVariantGroup;
			children = (
				04B3DB72256777F80029FFB4 /* Base */,
			);
			name = LaunchScreen.storyboard;
			sourceTree = "<group>";
		};
/* End PBXVariantGroup section */

/* Begin XCBuildConfiguration section */
		04B3DB75256777F80029FFB4 /* Debug */ = {
			isa = XCBuildConfiguration;
			buildSettings = {
				ALWAYS_SEARCH_USER_PATHS = NO;
				CLANG_ANALYZER_NONNULL = YES;
				CLANG_ANALYZER_NUMBER_OBJECT_CONVERSION = YES_AGGRESSIVE;
				CLANG_CXX_LANGUAGE_STANDARD = "gnu++14";
				CLANG_CXX_LIBRARY = "libc++";
				CLANG_ENABLE_MODULES = YES;
				CLANG_ENABLE_OBJC_ARC = YES;
				CLANG_ENABLE_OBJC_WEAK = YES;
				CLANG_WARN_BLOCK_CAPTURE_AUTORELEASING = YES;
				CLANG_WARN_BOOL_CONVERSION = YES;
				CLANG_WARN_COMMA = YES;
				CLANG_WARN_CONSTANT_CONVERSION = YES;
				CLANG_WARN_DEPRECATED_OBJC_IMPLEMENTATIONS = YES;
				CLANG_WARN_DIRECT_OBJC_ISA_USAGE = YES_ERROR;
				CLANG_WARN_DOCUMENTATION_COMMENTS = YES;
				CLANG_WARN_EMPTY_BODY = YES;
				CLANG_WARN_ENUM_CONVERSION = YES;
				CLANG_WARN_INFINITE_RECURSION = YES;
				CLANG_WARN_INT_CONVERSION = YES;
				CLANG_WARN_NON_LITERAL_NULL_CONVERSION = YES;
				CLANG_WARN_OBJC_IMPLICIT_RETAIN_SELF = YES;
				CLANG_WARN_OBJC_LITERAL_CONVERSION = YES;
				CLANG_WARN_OBJC_ROOT_CLASS = YES_ERROR;
				CLANG_WARN_QUOTED_INCLUDE_IN_FRAMEWORK_HEADER = YES;
				CLANG_WARN_RANGE_LOOP_ANALYSIS = YES;
				CLANG_WARN_STRICT_PROTOTYPES = YES;
				CLANG_WARN_SUSPICIOUS_MOVE = YES;
				CLANG_WARN_UNGUARDED_AVAILABILITY = YES_AGGRESSIVE;
				CLANG_WARN_UNREACHABLE_CODE = YES;
				CLANG_WARN__DUPLICATE_METHOD_MATCH = YES;
				COPY_PHASE_STRIP = NO;
				DEBUG_INFORMATION_FORMAT = dwarf;
				ENABLE_STRICT_OBJC_MSGSEND = YES;
				ENABLE_TESTABILITY = YES;
				GCC_C_LANGUAGE_STANDARD = gnu11;
				GCC_DYNAMIC_NO_PIC = NO;
				GCC_NO_COMMON_BLOCKS = YES;
				GCC_OPTIMIZATION_LEVEL = 0;
				GCC_PREPROCESSOR_DEFINITIONS = (
					"DEBUG=1",
					"$(inherited)",
				);
				GCC_WARN_64_TO_32_BIT_CONVERSION = YES;
				GCC_WARN_ABOUT_RETURN_TYPE = YES_ERROR;
				GCC_WARN_UNDECLARED_SELECTOR = YES;
				GCC_WARN_UNINITIALIZED_AUTOS = YES_AGGRESSIVE;
				GCC_WARN_UNUSED_FUNCTION = YES;
				GCC_WARN_UNUSED_VARIABLE = YES;
				IPHONEOS_DEPLOYMENT_TARGET = 14.2;
				MTL_ENABLE_DEBUG_INFO = INCLUDE_SOURCE;
				MTL_FAST_MATH = YES;
				ONLY_ACTIVE_ARCH = YES;
				SDKROOT = iphoneos;
				SWIFT_ACTIVE_COMPILATION_CONDITIONS = DEBUG;
				SWIFT_OPTIMIZATION_LEVEL = "-Onone";
			};
			name = Debug;
		};
		04B3DB76256777F80029FFB4 /* Release */ = {
			isa = XCBuildConfiguration;
			buildSettings = {
				ALWAYS_SEARCH_USER_PATHS = NO;
				CLANG_ANALYZER_NONNULL = YES;
				CLANG_ANALYZER_NUMBER_OBJECT_CONVERSION = YES_AGGRESSIVE;
				CLANG_CXX_LANGUAGE_STANDARD = "gnu++14";
				CLANG_CXX_LIBRARY = "libc++";
				CLANG_ENABLE_MODULES = YES;
				CLANG_ENABLE_OBJC_ARC = YES;
				CLANG_ENABLE_OBJC_WEAK = YES;
				CLANG_WARN_BLOCK_CAPTURE_AUTORELEASING = YES;
				CLANG_WARN_BOOL_CONVERSION = YES;
				CLANG_WARN_COMMA = YES;
				CLANG_WARN_CONSTANT_CONVERSION = YES;
				CLANG_WARN_DEPRECATED_OBJC_IMPLEMENTATIONS = YES;
				CLANG_WARN_DIRECT_OBJC_ISA_USAGE = YES_ERROR;
				CLANG_WARN_DOCUMENTATION_COMMENTS = YES;
				CLANG_WARN_EMPTY_BODY = YES;
				CLANG_WARN_ENUM_CONVERSION = YES;
				CLANG_WARN_INFINITE_RECURSION = YES;
				CLANG_WARN_INT_CONVERSION = YES;
				CLANG_WARN_NON_LITERAL_NULL_CONVERSION = YES;
				CLANG_WARN_OBJC_IMPLICIT_RETAIN_SELF = YES;
				CLANG_WARN_OBJC_LITERAL_CONVERSION = YES;
				CLANG_WARN_OBJC_ROOT_CLASS = YES_ERROR;
				CLANG_WARN_QUOTED_INCLUDE_IN_FRAMEWORK_HEADER = YES;
				CLANG_WARN_RANGE_LOOP_ANALYSIS = YES;
				CLANG_WARN_STRICT_PROTOTYPES = YES;
				CLANG_WARN_SUSPICIOUS_MOVE = YES;
				CLANG_WARN_UNGUARDED_AVAILABILITY = YES_AGGRESSIVE;
				CLANG_WARN_UNREACHABLE_CODE = YES;
				CLANG_WARN__DUPLICATE_METHOD_MATCH = YES;
				COPY_PHASE_STRIP = NO;
				DEBUG_INFORMATION_FORMAT = "dwarf-with-dsym";
				ENABLE_NS_ASSERTIONS = NO;
				ENABLE_STRICT_OBJC_MSGSEND = YES;
				GCC_C_LANGUAGE_STANDARD = gnu11;
				GCC_NO_COMMON_BLOCKS = YES;
				GCC_WARN_64_TO_32_BIT_CONVERSION = YES;
				GCC_WARN_ABOUT_RETURN_TYPE = YES_ERROR;
				GCC_WARN_UNDECLARED_SELECTOR = YES;
				GCC_WARN_UNINITIALIZED_AUTOS = YES_AGGRESSIVE;
				GCC_WARN_UNUSED_FUNCTION = YES;
				GCC_WARN_UNUSED_VARIABLE = YES;
				IPHONEOS_DEPLOYMENT_TARGET = 14.2;
				MTL_ENABLE_DEBUG_INFO = NO;
				MTL_FAST_MATH = YES;
				SDKROOT = iphoneos;
				SWIFT_COMPILATION_MODE = wholemodule;
				SWIFT_OPTIMIZATION_LEVEL = "-O";
				VALIDATE_PRODUCT = YES;
			};
			name = Release;
		};
		04B3DB78256777F80029FFB4 /* Debug */ = {
			isa = XCBuildConfiguration;
			buildSettings = {
				ASSETCATALOG_COMPILER_APPICON_NAME = AppIcon;
				ASSETCATALOG_COMPILER_GLOBAL_ACCENT_COLOR_NAME = AccentColor;
				CODE_SIGN_STYLE = Automatic;
				DEVELOPMENT_ASSET_PATHS = "\"ToDoApp/Preview Content\"";
				DEVELOPMENT_TEAM = SWR83G7DDM;
				ENABLE_PREVIEWS = YES;
				INFOPLIST_FILE = ToDoApp/Info.plist;
				LD_RUNPATH_SEARCH_PATHS = (
					"$(inherited)",
					"@executable_path/Frameworks",
				);
				PRODUCT_BUNDLE_IDENTIFIER = com.addindev.ToDoAppv2;
				PRODUCT_NAME = "$(TARGET_NAME)";
				SWIFT_VERSION = 5.0;
				TARGETED_DEVICE_FAMILY = "1,2";
			};
			name = Debug;
		};
		04B3DB79256777F80029FFB4 /* Release */ = {
			isa = XCBuildConfiguration;
			buildSettings = {
				ASSETCATALOG_COMPILER_APPICON_NAME = AppIcon;
				ASSETCATALOG_COMPILER_GLOBAL_ACCENT_COLOR_NAME = AccentColor;
				CODE_SIGN_STYLE = Automatic;
				DEVELOPMENT_ASSET_PATHS = "\"ToDoApp/Preview Content\"";
				DEVELOPMENT_TEAM = SWR83G7DDM;
				ENABLE_PREVIEWS = YES;
				INFOPLIST_FILE = ToDoApp/Info.plist;
				LD_RUNPATH_SEARCH_PATHS = (
					"$(inherited)",
					"@executable_path/Frameworks",
				);
				PRODUCT_BUNDLE_IDENTIFIER = com.addindev.ToDoAppv2;
				PRODUCT_NAME = "$(TARGET_NAME)";
				SWIFT_VERSION = 5.0;
				TARGETED_DEVICE_FAMILY = "1,2";
			};
			name = Release;
		};
/* End XCBuildConfiguration section */

/* Begin XCConfigurationList section */
		04B3DB5B256777F60029FFB4 /* Build configuration list for PBXProject "ToDoApp" */ = {
			isa = XCConfigurationList;
			buildConfigurations = (
				04B3DB75256777F80029FFB4 /* Debug */,
				04B3DB76256777F80029FFB4 /* Release */,
			);
			defaultConfigurationIsVisible = 0;
			defaultConfigurationName = Release;
		};
		04B3DB77256777F80029FFB4 /* Build configuration list for PBXNativeTarget "ToDoApp" */ = {
			isa = XCConfigurationList;
			buildConfigurations = (
				04B3DB78256777F80029FFB4 /* Debug */,
				04B3DB79256777F80029FFB4 /* Release */,
			);
			defaultConfigurationIsVisible = 0;
			defaultConfigurationName = Release;
		};
/* End XCConfigurationList section */

/* Begin XCVersionGroup section */
		04B3DB69256777F60029FFB4 /* ToDoApp.xcdatamodeld */ = {
			isa = XCVersionGroup;
			children = (
				04B3DB6A256777F60029FFB4 /* ToDoApp.xcdatamodel */,
			);
			currentVersion = 04B3DB6A256777F60029FFB4 /* ToDoApp.xcdatamodel */;
			path = ToDoApp.xcdatamodeld;
			sourceTree = "<group>";
			versionGroupType = wrapper.xcdatamodel;
		};
/* End XCVersionGroup section */
	};
	rootObject = 04B3DB58256777F60029FFB4 /* Project object */;
}
